
Microsoft Visual Studio Solution File, Format Version 12.00
# Visual Studio Version 16
VisualStudioVersion = 16.0.30104.148
MinimumVisualStudioVersion = 10.0.40219.1
Project("{888888A0-9F3D-457C-B088-3A5042F75D52}") = "ImageOCR", "ImageOCR\ImageOCR.pyproj", "{45CD46B7-8554-457E-A324-326FEFC82A3C}"
EndProject
Global
	GlobalSection(SolutionConfigurationPlatforms) = preSolution
		Debug|Any CPU = Debug|Any CPU
		Release|Any CPU = Release|Any CPU
	EndGlobalSection
	GlobalSection(ProjectConfigurationPlatforms) = postSolution
		{45CD46B7-8554-457E-A324-326FEFC82A3C}.Debug|Any CPU.ActiveCfg = Debug|Any CPU
		{45CD46B7-8554-457E-A324-326FEFC82A3C}.Release|Any CPU.ActiveCfg = Release|Any CPU
	EndGlobalSection
	GlobalSection(SolutionProperties) = preSolution
		HideSolutionNode = FALSE
	EndGlobalSection
	GlobalSection(ExtensibilityGlobals) = postSolution
		SolutionGuid = {CD7BEE38-513A-4539-845A-6F575327C034}
	EndGlobalSection
EndGlobal
