
Microsoft Visual Studio Solution File, Format Version 12.00
# Visual Studio Version 16
VisualStudioVersion = 16.0.30104.148
MinimumVisualStudioVersion = 10.0.40219.1
Project("{888888A0-9F3D-457C-B088-3A5042F75D52}") = "LetterIdentifier", "LetterIdentifier\LetterIdentifier.pyproj", "{C8D74C08-5AAB-44EE-BCB0-06825F812191}"
EndProject
Global
	GlobalSection(SolutionConfigurationPlatforms) = preSolution
		Debug|Any CPU = Debug|Any CPU
		Release|Any CPU = Release|Any CPU
	EndGlobalSection
	GlobalSection(ProjectConfigurationPlatforms) = postSolution
		{C8D74C08-5AAB-44EE-BCB0-06825F812191}.Debug|Any CPU.ActiveCfg = Debug|Any CPU
		{C8D74C08-5AAB-44EE-BCB0-06825F812191}.Release|Any CPU.ActiveCfg = Release|Any CPU
	EndGlobalSection
	GlobalSection(SolutionProperties) = preSolution
		HideSolutionNode = FALSE
	EndGlobalSection
	GlobalSection(ExtensibilityGlobals) = postSolution
		SolutionGuid = {6A367FFA-0240-4833-951F-8E84DAB45174}
	EndGlobalSection
EndGlobal
